
Microsoft Visual Studio Solution File, Format Version 11.00
# Visual Studio 2010
Project("{FAE04EC0-301F-11D3-BF4B-00C04F79EFBC}") = "Ejercicio_13", "Ejercicio_13\Ejercicio_13.csproj", "{B4380AED-7B95-460A-97F7-DE0B7966467C}"
EndProject
Global
	GlobalSection(SolutionConfigurationPlatforms) = preSolution
		Debug|x86 = Debug|x86
		Release|x86 = Release|x86
	EndGlobalSection
	GlobalSection(ProjectConfigurationPlatforms) = postSolution
		{B4380AED-7B95-460A-97F7-DE0B7966467C}.Debug|x86.ActiveCfg = Debug|x86
		{B4380AED-7B95-460A-97F7-DE0B7966467C}.Debug|x86.Build.0 = Debug|x86
		{B4380AED-7B95-460A-97F7-DE0B7966467C}.Release|x86.ActiveCfg = Release|x86
		{B4380AED-7B95-460A-97F7-DE0B7966467C}.Release|x86.Build.0 = Release|x86
	EndGlobalSection
	GlobalSection(SolutionProperties) = preSolution
		HideSolutionNode = FALSE
	EndGlobalSection
EndGlobal
