
Microsoft Visual Studio Solution File, Format Version 11.00
# Visual Studio 2010
Project("{FAE04EC0-301F-11D3-BF4B-00C04F79EFBC}") = "Ejercicio_15", "Ejercicio_15\Ejercicio_15.csproj", "{15B5395B-933B-41F7-9535-4897C3C86656}"
EndProject
Global
	GlobalSection(SolutionConfigurationPlatforms) = preSolution
		Debug|x86 = Debug|x86
		Release|x86 = Release|x86
	EndGlobalSection
	GlobalSection(ProjectConfigurationPlatforms) = postSolution
		{15B5395B-933B-41F7-9535-4897C3C86656}.Debug|x86.ActiveCfg = Debug|x86
		{15B5395B-933B-41F7-9535-4897C3C86656}.Debug|x86.Build.0 = Debug|x86
		{15B5395B-933B-41F7-9535-4897C3C86656}.Release|x86.ActiveCfg = Release|x86
		{15B5395B-933B-41F7-9535-4897C3C86656}.Release|x86.Build.0 = Release|x86
	EndGlobalSection
	GlobalSection(SolutionProperties) = preSolution
		HideSolutionNode = FALSE
	EndGlobalSection
EndGlobal
